
Microsoft Visual Studio Solution File, Format Version 12.00
# Visual Studio 15
VisualStudioVersion = 15.0.26020.0
MinimumVisualStudioVersion = 10.0.40219.1
Project("{FAE04EC0-301F-11D3-BF4B-00C04F79EFBC}") = "ProjectAltisLauncher", "ProjectAltisLauncher\ProjectAltisLauncher.csproj", "{EF5F9C1D-054C-4759-9026-8A7A39AF2F25}"
EndProject
Project("{FAE04EC0-301F-11D3-BF4B-00C04F79EFBC}") = "AltisUpdater", "AltisUpdater\AltisUpdater.csproj", "{4A7DC5F7-16D2-4F10-956D-E6C4A3FA98E0}"
EndProject
Global
	GlobalSection(SolutionConfigurationPlatforms) = preSolution
		Debug|Any CPU = Debug|Any CPU
		Release|Any CPU = Release|Any CPU
	EndGlobalSection
	GlobalSection(ProjectConfigurationPlatforms) = postSolution
		{EF5F9C1D-054C-4759-9026-8A7A39AF2F25}.Debug|Any CPU.ActiveCfg = Debug|Any CPU
		{EF5F9C1D-054C-4759-9026-8A7A39AF2F25}.Debug|Any CPU.Build.0 = Debug|Any CPU
		{EF5F9C1D-054C-4759-9026-8A7A39AF2F25}.Release|Any CPU.ActiveCfg = Release|Any CPU
		{EF5F9C1D-054C-4759-9026-8A7A39AF2F25}.Release|Any CPU.Build.0 = Release|Any CPU
		{4A7DC5F7-16D2-4F10-956D-E6C4A3FA98E0}.Debug|Any CPU.ActiveCfg = Debug|Any CPU
		{4A7DC5F7-16D2-4F10-956D-E6C4A3FA98E0}.Debug|Any CPU.Build.0 = Debug|Any CPU
		{4A7DC5F7-16D2-4F10-956D-E6C4A3FA98E0}.Release|Any CPU.ActiveCfg = Release|Any CPU
		{4A7DC5F7-16D2-4F10-956D-E6C4A3FA98E0}.Release|Any CPU.Build.0 = Release|Any CPU
	EndGlobalSection
	GlobalSection(SolutionProperties) = preSolution
		HideSolutionNode = FALSE
	EndGlobalSection
EndGlobal
